
Microsoft Visual Studio Solution File, Format Version 12.00
# Visual Studio Version 17
VisualStudioVersion = 17.9.34616.47
MinimumVisualStudioVersion = 10.0.40219.1
Project("{FAE04EC0-301F-11D3-BF4B-00C04F79EFBC}") = "FactorialSolution", "FactorialSolution\FactorialSolution.csproj", "{A33B9550-118E-4EF8-9ECB-DBEF330E2B93}"
EndProject
Global
	GlobalSection(SolutionConfigurationPlatforms) = preSolution
		Debug|Any CPU = Debug|Any CPU
		Release|Any CPU = Release|Any CPU
	EndGlobalSection
	GlobalSection(ProjectConfigurationPlatforms) = postSolution
		{A33B9550-118E-4EF8-9ECB-DBEF330E2B93}.Debug|Any CPU.ActiveCfg = Debug|Any CPU
		{A33B9550-118E-4EF8-9ECB-DBEF330E2B93}.Debug|Any CPU.Build.0 = Debug|Any CPU
		{A33B9550-118E-4EF8-9ECB-DBEF330E2B93}.Release|Any CPU.ActiveCfg = Release|Any CPU
		{A33B9550-118E-4EF8-9ECB-DBEF330E2B93}.Release|Any CPU.Build.0 = Release|Any CPU
	EndGlobalSection
	GlobalSection(SolutionProperties) = preSolution
		HideSolutionNode = FALSE
	EndGlobalSection
	GlobalSection(ExtensibilityGlobals) = postSolution
		SolutionGuid = {22EAD2A7-D1C1-44A4-A5A4-8BAE5B20F16C}
	EndGlobalSection
EndGlobal
